
Microsoft Visual Studio Solution File, Format Version 12.00
# Visual Studio Version 17
VisualStudioVersion = 17.11.35312.102
MinimumVisualStudioVersion = 10.0.40219.1
Project("{9A19103F-16F7-4668-BE54-9A1E7A4F7556}") = "CleanCodeArchitecture.Sandbox", "CleanCodeArchitecture.Sandbox\CleanCodeArchitecture.Sandbox.csproj", "{B5C9B0F1-C93B-4AD2-8275-6300FBC968CA}"
EndProject
Project("{2150E333-8FDC-42A3-9474-1A3956D46DE8}") = "001-Domain", "001-Domain", "{5B8D172B-0E50-43A3-944D-F30A06ED5EAB}"
EndProject
Project("{9A19103F-16F7-4668-BE54-9A1E7A4F7556}") = "CleanCodeArchitecture.Domain", "CleanCodeArchitecture.Domain\CleanCodeArchitecture.Domain.csproj", "{B93E9315-892F-4FB4-8F74-55F535E4ADEE}"
EndProject
Project("{2150E333-8FDC-42A3-9474-1A3956D46DE8}") = "002-Application", "002-Application", "{C07BC8C0-BA1C-4A93-99B3-39772B5D3DB8}"
EndProject
Project("{9A19103F-16F7-4668-BE54-9A1E7A4F7556}") = "CleanCodeArchitecture.Application", "CleanCodeArchitecture.Application\CleanCodeArchitecture.Application.csproj", "{F958D204-61B8-4E8B-8F5A-53A9AB702659}"
EndProject
Project("{2150E333-8FDC-42A3-9474-1A3956D46DE8}") = "999-UnitTesting", "999-UnitTesting", "{8A9D9CF6-62BD-469F-80EE-02E99938E8E2}"
EndProject
Project("{9A19103F-16F7-4668-BE54-9A1E7A4F7556}") = "CleanCodeArchitecture.Application.Tests", "CleanCodeArchitecture.Application.Tests\CleanCodeArchitecture.Application.Tests.csproj", "{1EB7334F-D8C0-4431-9437-DF0596E52584}"
EndProject
Project("{2150E333-8FDC-42A3-9474-1A3956D46DE8}") = "003-Infrastructure", "003-Infrastructure", "{C07C62E7-CEEC-48DD-AA0C-E0F0F553F484}"
EndProject
Project("{9A19103F-16F7-4668-BE54-9A1E7A4F7556}") = "CleanCodeArchitecture.Infrastructure.Sql", "CleanCodeArchitecture.Infrastructure.Sql\CleanCodeArchitecture.Infrastructure.Sql.csproj", "{C1D801B4-E4D5-4397-8102-EF84105341A2}"
EndProject
Project("{9A19103F-16F7-4668-BE54-9A1E7A4F7556}") = "CleanCodeArchitecture.Infrastructure.Cosmos", "CleanCodeArchitecture.Infrastructure.Cosmos\CleanCodeArchitecture.Infrastructure.Cosmos.csproj", "{608EA912-F44D-41D9-B397-C7CAED521DD2}"
EndProject
Project("{9A19103F-16F7-4668-BE54-9A1E7A4F7556}") = "CleanCodeArchitecture.Infrastructure.SqlKataDapper", "CleanCodeArchitecture.Infrastructure.SqlKataDapper\CleanCodeArchitecture.Infrastructure.SqlKataDapper.csproj", "{C56D18DD-B427-4121-8F53-5E29F4A7B537}"
EndProject
Project("{FAE04EC0-301F-11D3-BF4B-00C04F79EFBC}") = "POC.DataTables.UI", "POC.DataTables.UI\POC.DataTables.UI.csproj", "{B555B0DD-B303-47AB-BD77-AFB2275A85A0}"
EndProject
Global
	GlobalSection(SolutionConfigurationPlatforms) = preSolution
		Debug|Any CPU = Debug|Any CPU
		Release|Any CPU = Release|Any CPU
	EndGlobalSection
	GlobalSection(ProjectConfigurationPlatforms) = postSolution
		{B5C9B0F1-C93B-4AD2-8275-6300FBC968CA}.Debug|Any CPU.ActiveCfg = Debug|Any CPU
		{B5C9B0F1-C93B-4AD2-8275-6300FBC968CA}.Debug|Any CPU.Build.0 = Debug|Any CPU
		{B5C9B0F1-C93B-4AD2-8275-6300FBC968CA}.Release|Any CPU.ActiveCfg = Release|Any CPU
		{B5C9B0F1-C93B-4AD2-8275-6300FBC968CA}.Release|Any CPU.Build.0 = Release|Any CPU
		{B93E9315-892F-4FB4-8F74-55F535E4ADEE}.Debug|Any CPU.ActiveCfg = Debug|Any CPU
		{B93E9315-892F-4FB4-8F74-55F535E4ADEE}.Debug|Any CPU.Build.0 = Debug|Any CPU
		{B93E9315-892F-4FB4-8F74-55F535E4ADEE}.Release|Any CPU.ActiveCfg = Release|Any CPU
		{B93E9315-892F-4FB4-8F74-55F535E4ADEE}.Release|Any CPU.Build.0 = Release|Any CPU
		{F958D204-61B8-4E8B-8F5A-53A9AB702659}.Debug|Any CPU.ActiveCfg = Debug|Any CPU
		{F958D204-61B8-4E8B-8F5A-53A9AB702659}.Debug|Any CPU.Build.0 = Debug|Any CPU
		{F958D204-61B8-4E8B-8F5A-53A9AB702659}.Release|Any CPU.ActiveCfg = Release|Any CPU
		{F958D204-61B8-4E8B-8F5A-53A9AB702659}.Release|Any CPU.Build.0 = Release|Any CPU
		{1EB7334F-D8C0-4431-9437-DF0596E52584}.Debug|Any CPU.ActiveCfg = Debug|Any CPU
		{1EB7334F-D8C0-4431-9437-DF0596E52584}.Debug|Any CPU.Build.0 = Debug|Any CPU
		{1EB7334F-D8C0-4431-9437-DF0596E52584}.Release|Any CPU.ActiveCfg = Release|Any CPU
		{1EB7334F-D8C0-4431-9437-DF0596E52584}.Release|Any CPU.Build.0 = Release|Any CPU
		{C1D801B4-E4D5-4397-8102-EF84105341A2}.Debug|Any CPU.ActiveCfg = Debug|Any CPU
		{C1D801B4-E4D5-4397-8102-EF84105341A2}.Debug|Any CPU.Build.0 = Debug|Any CPU
		{C1D801B4-E4D5-4397-8102-EF84105341A2}.Release|Any CPU.ActiveCfg = Release|Any CPU
		{C1D801B4-E4D5-4397-8102-EF84105341A2}.Release|Any CPU.Build.0 = Release|Any CPU
		{608EA912-F44D-41D9-B397-C7CAED521DD2}.Debug|Any CPU.ActiveCfg = Debug|Any CPU
		{608EA912-F44D-41D9-B397-C7CAED521DD2}.Debug|Any CPU.Build.0 = Debug|Any CPU
		{608EA912-F44D-41D9-B397-C7CAED521DD2}.Release|Any CPU.ActiveCfg = Release|Any CPU
		{608EA912-F44D-41D9-B397-C7CAED521DD2}.Release|Any CPU.Build.0 = Release|Any CPU
		{C56D18DD-B427-4121-8F53-5E29F4A7B537}.Debug|Any CPU.ActiveCfg = Debug|Any CPU
		{C56D18DD-B427-4121-8F53-5E29F4A7B537}.Debug|Any CPU.Build.0 = Debug|Any CPU
		{C56D18DD-B427-4121-8F53-5E29F4A7B537}.Release|Any CPU.ActiveCfg = Release|Any CPU
		{C56D18DD-B427-4121-8F53-5E29F4A7B537}.Release|Any CPU.Build.0 = Release|Any CPU
		{B555B0DD-B303-47AB-BD77-AFB2275A85A0}.Debug|Any CPU.ActiveCfg = Debug|Any CPU
		{B555B0DD-B303-47AB-BD77-AFB2275A85A0}.Debug|Any CPU.Build.0 = Debug|Any CPU
		{B555B0DD-B303-47AB-BD77-AFB2275A85A0}.Release|Any CPU.ActiveCfg = Release|Any CPU
		{B555B0DD-B303-47AB-BD77-AFB2275A85A0}.Release|Any CPU.Build.0 = Release|Any CPU
	EndGlobalSection
	GlobalSection(SolutionProperties) = preSolution
		HideSolutionNode = FALSE
	EndGlobalSection
	GlobalSection(NestedProjects) = preSolution
		{B93E9315-892F-4FB4-8F74-55F535E4ADEE} = {5B8D172B-0E50-43A3-944D-F30A06ED5EAB}
		{F958D204-61B8-4E8B-8F5A-53A9AB702659} = {C07BC8C0-BA1C-4A93-99B3-39772B5D3DB8}
		{1EB7334F-D8C0-4431-9437-DF0596E52584} = {8A9D9CF6-62BD-469F-80EE-02E99938E8E2}
		{C1D801B4-E4D5-4397-8102-EF84105341A2} = {C07C62E7-CEEC-48DD-AA0C-E0F0F553F484}
		{608EA912-F44D-41D9-B397-C7CAED521DD2} = {C07C62E7-CEEC-48DD-AA0C-E0F0F553F484}
		{C56D18DD-B427-4121-8F53-5E29F4A7B537} = {C07C62E7-CEEC-48DD-AA0C-E0F0F553F484}
	EndGlobalSection
	GlobalSection(ExtensibilityGlobals) = postSolution
		SolutionGuid = {31D1E077-E433-4FB2-A2DB-6482AEBD1225}
	EndGlobalSection
EndGlobal
